<?xml version="1.0" encoding="utf-8"?>
<Project ToolsVersion="4.0" xmlns="http://schemas.microsoft.com/developer/msbuild/2003">
  <ItemGroup>
    <ClCompile Include="..\trimesh2\libsrc\KDtree.cc" />
    <ClCompile Include="..\trimesh2\libsrc\remove.cc" />
    <ClCompile Include="..\trimesh2\libsrc\reorder_verts.cc" />
    <ClCompile Include="..\trimesh2\libsrc\TriMesh_bounding.cc" />
    <ClCompile Include="..\trimesh2\libsrc\TriMesh_connectivity.cc" />
    <ClCompile Include="..\trimesh2\libsrc\TriMesh_curvature.cc" />
    <ClCompile Include="..\trimesh2\libsrc\TriMesh_grid.cc" />
    <ClCompile Include="..\trimesh2\libsrc\TriMesh_io.cc" />
    <ClCompile Include="..\trimesh2\libsrc\TriMesh_normals.cc" />
    <ClCompile Include="..\trimesh2\libsrc\TriMesh_pointareas.cc" />
    <ClCompile Include="..\trimesh2\libsrc\TriMesh_stats.cc" />
    <ClCompile Include="..\trimesh2\libsrc\TriMesh_tstrips.cc" />
    <ClCompile Include="Contours.cpp" />
    <ClCompile Include="cylinder.cpp" />
    <ClCompile Include="Edge.cpp" />
    <ClCompile Include="ExtremePoints.cpp" />
    <ClCompile Include="Face.cpp" />
    <ClCompile Include="Landmark.cpp" />
    <ClCompile Include="NonLandmark.cpp" />
    <ClCompile Include="Path.cpp" />
    <ClCompile Include="sphere.cpp" />
    <ClCompile Include="Vertex.cpp" />
    <ClCompile Include="WireSculpt.cpp" />
    <ClCompile Include="WireSculptNode.cpp" />
    <ClCompile Include="WireSculptPlugin.cpp" />
  </ItemGroup>
  <ItemGroup>
    <ClInclude Include="Contours.h" />
    <ClInclude Include="cylinder.h" />
    <ClInclude Include="Edge.h" />
    <ClInclude Include="ExtremePoints.h" />
    <ClInclude Include="Face.h" />
    <ClInclude Include="Landmark.h" />
    <ClInclude Include="NonLandmark.h" />
    <ClInclude Include="Path.h" />
    <ClInclude Include="sphere.h" />
    <ClInclude Include="Vertex.h" />
    <ClInclude Include="WireSculpt.h" />
    <ClInclude Include="WireSculptNode.h" />
    <ClInclude Include="WireSculptPlugin.h" />
  </ItemGroup>
</Project>